
Microsoft Visual Studio Solution File, Format Version 12.00
# Visual Studio 15
VisualStudioVersion = 15.0.28010.2016
MinimumVisualStudioVersion = 10.0.40219.1
Project("{8BC9CEB8-8B4A-11D0-8D11-00A0C91BC942}") = "pancakes", "pancakes\pancakes.vcxproj", "{7A2D6640-E0F2-42A0-891F-40E5144DFEE9}"
EndProject
Global
	GlobalSection(SolutionConfigurationPlatforms) = preSolution
		Debug|x64 = Debug|x64
		Debug|x86 = Debug|x86
		Release|x64 = Release|x64
		Release|x86 = Release|x86
	EndGlobalSection
	GlobalSection(ProjectConfigurationPlatforms) = postSolution
		{7A2D6640-E0F2-42A0-891F-40E5144DFEE9}.Debug|x64.ActiveCfg = Debug|x64
		{7A2D6640-E0F2-42A0-891F-40E5144DFEE9}.Debug|x64.Build.0 = Debug|x64
		{7A2D6640-E0F2-42A0-891F-40E5144DFEE9}.Debug|x86.ActiveCfg = Debug|Win32
		{7A2D6640-E0F2-42A0-891F-40E5144DFEE9}.Debug|x86.Build.0 = Debug|Win32
		{7A2D6640-E0F2-42A0-891F-40E5144DFEE9}.Release|x64.ActiveCfg = Release|x64
		{7A2D6640-E0F2-42A0-891F-40E5144DFEE9}.Release|x64.Build.0 = Release|x64
		{7A2D6640-E0F2-42A0-891F-40E5144DFEE9}.Release|x86.ActiveCfg = Release|Win32
		{7A2D6640-E0F2-42A0-891F-40E5144DFEE9}.Release|x86.Build.0 = Release|Win32
	EndGlobalSection
	GlobalSection(SolutionProperties) = preSolution
		HideSolutionNode = FALSE
	EndGlobalSection
	GlobalSection(ExtensibilityGlobals) = postSolution
		SolutionGuid = {5FCBAC48-B52D-432F-A1D5-859A51D873D2}
	EndGlobalSection
EndGlobal
