
Microsoft Visual Studio Solution File, Format Version 12.00
# Visual Studio 15
VisualStudioVersion = 15.0.28010.2016
MinimumVisualStudioVersion = 10.0.40219.1
Project("{FAE04EC0-301F-11D3-BF4B-00C04F79EFBC}") = "simple_animation", "simple_animation\simple_animation.csproj", "{3E22AD81-732A-4972-90CB-A9F18AC718CE}"
EndProject
Global
	GlobalSection(SolutionConfigurationPlatforms) = preSolution
		Debug|Any CPU = Debug|Any CPU
		Release|Any CPU = Release|Any CPU
	EndGlobalSection
	GlobalSection(ProjectConfigurationPlatforms) = postSolution
		{3E22AD81-732A-4972-90CB-A9F18AC718CE}.Debug|Any CPU.ActiveCfg = Debug|Any CPU
		{3E22AD81-732A-4972-90CB-A9F18AC718CE}.Debug|Any CPU.Build.0 = Debug|Any CPU
		{3E22AD81-732A-4972-90CB-A9F18AC718CE}.Release|Any CPU.ActiveCfg = Release|Any CPU
		{3E22AD81-732A-4972-90CB-A9F18AC718CE}.Release|Any CPU.Build.0 = Release|Any CPU
	EndGlobalSection
	GlobalSection(SolutionProperties) = preSolution
		HideSolutionNode = FALSE
	EndGlobalSection
	GlobalSection(ExtensibilityGlobals) = postSolution
		SolutionGuid = {8D54E634-A9BC-4BDF-9CE3-16A94EA115A6}
	EndGlobalSection
EndGlobal
