
Microsoft Visual Studio Solution File, Format Version 12.00
# Visual Studio 15
VisualStudioVersion = 15.0.28010.2016
MinimumVisualStudioVersion = 10.0.40219.1
Project("{8BC9CEB8-8B4A-11D0-8D11-00A0C91BC942}") = "Func_param", "Func_param\Func_param.vcxproj", "{22C794E9-E4A7-4F4F-8240-551A6C38B678}"
EndProject
Global
	GlobalSection(SolutionConfigurationPlatforms) = preSolution
		Debug|x64 = Debug|x64
		Debug|x86 = Debug|x86
		Release|x64 = Release|x64
		Release|x86 = Release|x86
	EndGlobalSection
	GlobalSection(ProjectConfigurationPlatforms) = postSolution
		{22C794E9-E4A7-4F4F-8240-551A6C38B678}.Debug|x64.ActiveCfg = Debug|x64
		{22C794E9-E4A7-4F4F-8240-551A6C38B678}.Debug|x64.Build.0 = Debug|x64
		{22C794E9-E4A7-4F4F-8240-551A6C38B678}.Debug|x86.ActiveCfg = Debug|Win32
		{22C794E9-E4A7-4F4F-8240-551A6C38B678}.Debug|x86.Build.0 = Debug|Win32
		{22C794E9-E4A7-4F4F-8240-551A6C38B678}.Release|x64.ActiveCfg = Release|x64
		{22C794E9-E4A7-4F4F-8240-551A6C38B678}.Release|x64.Build.0 = Release|x64
		{22C794E9-E4A7-4F4F-8240-551A6C38B678}.Release|x86.ActiveCfg = Release|Win32
		{22C794E9-E4A7-4F4F-8240-551A6C38B678}.Release|x86.Build.0 = Release|Win32
	EndGlobalSection
	GlobalSection(SolutionProperties) = preSolution
		HideSolutionNode = FALSE
	EndGlobalSection
	GlobalSection(ExtensibilityGlobals) = postSolution
		SolutionGuid = {9BD481D5-5C60-4779-B3A7-6739DEDC9057}
	EndGlobalSection
EndGlobal
